
Microsoft Visual Studio Solution File, Format Version 12.00
# Visual Studio Version 17
VisualStudioVersion = 17.11.35312.102
MinimumVisualStudioVersion = 10.0.40219.1
Project("{FAE04EC0-301F-11D3-BF4B-00C04F79EFBC}") = "HousePricePrediction", "HousePricePrediction\HousePricePrediction.csproj", "{BE207542-00FF-492F-916B-7486FC802C6D}"
EndProject
Global
	GlobalSection(SolutionConfigurationPlatforms) = preSolution
		Debug|Any CPU = Debug|Any CPU
		Release|Any CPU = Release|Any CPU
	EndGlobalSection
	GlobalSection(ProjectConfigurationPlatforms) = postSolution
		{BE207542-00FF-492F-916B-7486FC802C6D}.Debug|Any CPU.ActiveCfg = Debug|Any CPU
		{BE207542-00FF-492F-916B-7486FC802C6D}.Debug|Any CPU.Build.0 = Debug|Any CPU
		{BE207542-00FF-492F-916B-7486FC802C6D}.Release|Any CPU.ActiveCfg = Release|Any CPU
		{BE207542-00FF-492F-916B-7486FC802C6D}.Release|Any CPU.Build.0 = Release|Any CPU
	EndGlobalSection
	GlobalSection(SolutionProperties) = preSolution
		HideSolutionNode = FALSE
	EndGlobalSection
	GlobalSection(ExtensibilityGlobals) = postSolution
		SolutionGuid = {AA2427FD-40F7-4239-AAF5-7A3B192C2735}
	EndGlobalSection
EndGlobal
